
Microsoft Visual Studio Solution File, Format Version 12.00
# Visual Studio Version 17
VisualStudioVersion = 17.14.36109.1 d17.14
MinimumVisualStudioVersion = 10.0.40219.1
Project("{FAE04EC0-301F-11D3-BF4B-00C04F79EFBC}") = "TT", "TT.csproj", "{2479E3A5-43CE-49C8-8B50-F11C60C1F351}"
EndProject
Global
	GlobalSection(SolutionConfigurationPlatforms) = preSolution
		Debug|Any CPU = Debug|Any CPU
		Release|Any CPU = Release|Any CPU
	EndGlobalSection
	GlobalSection(ProjectConfigurationPlatforms) = postSolution
		{2479E3A5-43CE-49C8-8B50-F11C60C1F351}.Debug|Any CPU.ActiveCfg = Debug|Any CPU
		{2479E3A5-43CE-49C8-8B50-F11C60C1F351}.Debug|Any CPU.Build.0 = Debug|Any CPU
		{2479E3A5-43CE-49C8-8B50-F11C60C1F351}.Release|Any CPU.ActiveCfg = Release|Any CPU
		{2479E3A5-43CE-49C8-8B50-F11C60C1F351}.Release|Any CPU.Build.0 = Release|Any CPU
	EndGlobalSection
	GlobalSection(SolutionProperties) = preSolution
		HideSolutionNode = FALSE
	EndGlobalSection
	GlobalSection(ExtensibilityGlobals) = postSolution
		SolutionGuid = {7EF08DA7-BDA4-4A4C-A96D-4D448491EDD4}
	EndGlobalSection
EndGlobal
